
Microsoft Visual Studio Solution File, Format Version 12.00
# Visual Studio 15
VisualStudioVersion = 15.0.28010.2026
MinimumVisualStudioVersion = 10.0.40219.1
Project("{FAE04EC0-301F-11D3-BF4B-00C04F79EFBC}") = "ConsoleApp1", "ConsoleApp1\ConsoleApp1.csproj", "{EC0491AB-1073-481D-BC64-ED7723E418B1}"
EndProject
Project("{FAE04EC0-301F-11D3-BF4B-00C04F79EFBC}") = "BookStoreOrderSystem.Tests", "BookStoreOrderSystem.Tests\BookStoreOrderSystem.Tests.csproj", "{93593D37-BF6E-4D2C-8E97-811DC5F8A2F8}"
EndProject
Global
	GlobalSection(SolutionConfigurationPlatforms) = preSolution
		Debug|Any CPU = Debug|Any CPU
		Release|Any CPU = Release|Any CPU
	EndGlobalSection
	GlobalSection(ProjectConfigurationPlatforms) = postSolution
		{EC0491AB-1073-481D-BC64-ED7723E418B1}.Debug|Any CPU.ActiveCfg = Debug|Any CPU
		{EC0491AB-1073-481D-BC64-ED7723E418B1}.Debug|Any CPU.Build.0 = Debug|Any CPU
		{EC0491AB-1073-481D-BC64-ED7723E418B1}.Release|Any CPU.ActiveCfg = Release|Any CPU
		{EC0491AB-1073-481D-BC64-ED7723E418B1}.Release|Any CPU.Build.0 = Release|Any CPU
		{93593D37-BF6E-4D2C-8E97-811DC5F8A2F8}.Debug|Any CPU.ActiveCfg = Debug|Any CPU
		{93593D37-BF6E-4D2C-8E97-811DC5F8A2F8}.Debug|Any CPU.Build.0 = Debug|Any CPU
		{93593D37-BF6E-4D2C-8E97-811DC5F8A2F8}.Release|Any CPU.ActiveCfg = Release|Any CPU
		{93593D37-BF6E-4D2C-8E97-811DC5F8A2F8}.Release|Any CPU.Build.0 = Release|Any CPU
	EndGlobalSection
	GlobalSection(SolutionProperties) = preSolution
		HideSolutionNode = FALSE
	EndGlobalSection
	GlobalSection(ExtensibilityGlobals) = postSolution
		SolutionGuid = {001BA781-F9D1-4A57-9190-D01316AAA9C5}
	EndGlobalSection
EndGlobal
